
Microsoft Visual Studio Solution File, Format Version 12.00
# Visual Studio Version 17
VisualStudioVersion = 17.8.34601.278
MinimumVisualStudioVersion = 10.0.40219.1
Project("{FAE04EC0-301F-11D3-BF4B-00C04F79EFBC}") = "cSharp-project", "cSharp-project\cSharp-project.csproj", "{4D34202B-CD71-4DCC-90F3-8B72F5C7EB8E}"
EndProject
Global
	GlobalSection(SolutionConfigurationPlatforms) = preSolution
		Debug|Any CPU = Debug|Any CPU
		Release|Any CPU = Release|Any CPU
	EndGlobalSection
	GlobalSection(ProjectConfigurationPlatforms) = postSolution
		{4D34202B-CD71-4DCC-90F3-8B72F5C7EB8E}.Debug|Any CPU.ActiveCfg = Debug|Any CPU
		{4D34202B-CD71-4DCC-90F3-8B72F5C7EB8E}.Debug|Any CPU.Build.0 = Debug|Any CPU
		{4D34202B-CD71-4DCC-90F3-8B72F5C7EB8E}.Release|Any CPU.ActiveCfg = Release|Any CPU
		{4D34202B-CD71-4DCC-90F3-8B72F5C7EB8E}.Release|Any CPU.Build.0 = Release|Any CPU
	EndGlobalSection
	GlobalSection(SolutionProperties) = preSolution
		HideSolutionNode = FALSE
	EndGlobalSection
	GlobalSection(ExtensibilityGlobals) = postSolution
		SolutionGuid = {94448C88-5660-44A1-AF2D-1374E7A159ED}
	EndGlobalSection
EndGlobal
